
Microsoft Visual Studio Solution File, Format Version 12.00
# Visual Studio Version 16
VisualStudioVersion = 16.0.31424.327
MinimumVisualStudioVersion = 10.0.40219.1
Project("{FAE04EC0-301F-11D3-BF4B-00C04F79EFBC}") = "Zadanie_2", "Zadanie_2\Zadanie_2.csproj", "{911A8522-6880-4F14-8B2C-3112A1800C3D}"
EndProject
Global
	GlobalSection(SolutionConfigurationPlatforms) = preSolution
		Debug|Any CPU = Debug|Any CPU
		Release|Any CPU = Release|Any CPU
	EndGlobalSection
	GlobalSection(ProjectConfigurationPlatforms) = postSolution
		{911A8522-6880-4F14-8B2C-3112A1800C3D}.Debug|Any CPU.ActiveCfg = Debug|Any CPU
		{911A8522-6880-4F14-8B2C-3112A1800C3D}.Debug|Any CPU.Build.0 = Debug|Any CPU
		{911A8522-6880-4F14-8B2C-3112A1800C3D}.Release|Any CPU.ActiveCfg = Release|Any CPU
		{911A8522-6880-4F14-8B2C-3112A1800C3D}.Release|Any CPU.Build.0 = Release|Any CPU
	EndGlobalSection
	GlobalSection(SolutionProperties) = preSolution
		HideSolutionNode = FALSE
	EndGlobalSection
	GlobalSection(ExtensibilityGlobals) = postSolution
		SolutionGuid = {E8DFD91C-E0DD-4910-85E0-73BE1D696ABE}
	EndGlobalSection
EndGlobal
